
Microsoft Visual Studio Solution File, Format Version 12.00
# Visual Studio Version 17
VisualStudioVersion = 17.0.31903.59
MinimumVisualStudioVersion = 10.0.40219.1
Project("{FAE04EC0-301F-11D3-BF4B-00C04F79EFBC}") = "SharpGraph.Core", "src\SharpGraph.Core\SharpGraph.Core.csproj", "{CCACE5A6-BD8A-C489-642E-8148F38028AF}"
EndProject
Project("{FAE04EC0-301F-11D3-BF4B-00C04F79EFBC}") = "SharpGraph.Tests", "tests\SharpGraph.Tests\SharpGraph.Tests.csproj", "{C813FD22-F5B5-71BD-EA35-C073E5410916}"
EndProject
Project("{FAE04EC0-301F-11D3-BF4B-00C04F79EFBC}") = "SharpGraph.Example", "examples\SharpGraph.Example\SharpGraph.Example.csproj", "{32CE4FC4-9413-6572-716E-2F42754C5917}"
EndProject
Project("{FAE04EC0-301F-11D3-BF4B-00C04F79EFBC}") = "SharpGraph.Server", "src\SharpGraph.Server\SharpGraph.Server.csproj", "{E123033E-ADCE-708B-2DC3-A5BD9A65867D}"
EndProject
Project("{2150E333-8FDC-42A3-9474-1A3956D46DE8}") = "src", "src", "{827E0CD3-B72D-47B6-A68D-7590B98EB39B}"
EndProject
Project("{FAE04EC0-301F-11D3-BF4B-00C04F79EFBC}") = "SharpGraph.Benchmark", "src\SharpGraph.Benchmark\SharpGraph.Benchmark.csproj", "{28FB2365-E62B-4EE6-B0D7-CCA3C1FB3FAD}"
EndProject
Project("{FAE04EC0-301F-11D3-BF4B-00C04F79EFBC}") = "SharpGraph.Ide", "src\SharpGraph.Ide\SharpGraph.Ide.csproj", "{409B2A30-9F09-41CB-8504-2A96ECD15356}"
EndProject
Project("{2150E333-8FDC-42A3-9474-1A3956D46DE8}") = "examples", "examples", "{B36A84DF-456D-A817-6EDD-3EC3E7F6E11F}"
EndProject
Project("{FAE04EC0-301F-11D3-BF4B-00C04F79EFBC}") = "EVCharging", "examples\EVCharging\EVCharging.csproj", "{872DC64F-91CB-48AC-A4E5-79334BB0E6C3}"
EndProject
Project("{FAE04EC0-301F-11D3-BF4B-00C04F79EFBC}") = "SharpGraph.Db", "src\SharpGraph.Db\SharpGraph.Db.csproj", "{500F1A64-B789-4C66-BA69-433860A2C884}"
EndProject
Global
	GlobalSection(SolutionConfigurationPlatforms) = preSolution
		Debug|Any CPU = Debug|Any CPU
		Debug|x64 = Debug|x64
		Debug|x86 = Debug|x86
		Release|Any CPU = Release|Any CPU
		Release|x64 = Release|x64
		Release|x86 = Release|x86
	EndGlobalSection
	GlobalSection(ProjectConfigurationPlatforms) = postSolution
		{CCACE5A6-BD8A-C489-642E-8148F38028AF}.Debug|x64.ActiveCfg = Debug|Any CPU
		{CCACE5A6-BD8A-C489-642E-8148F38028AF}.Debug|x64.Build.0 = Debug|Any CPU
		{CCACE5A6-BD8A-C489-642E-8148F38028AF}.Debug|x86.ActiveCfg = Debug|Any CPU
		{CCACE5A6-BD8A-C489-642E-8148F38028AF}.Debug|x86.Build.0 = Debug|Any CPU
		{CCACE5A6-BD8A-C489-642E-8148F38028AF}.Release|x64.ActiveCfg = Release|Any CPU
		{CCACE5A6-BD8A-C489-642E-8148F38028AF}.Release|x64.Build.0 = Release|Any CPU
		{CCACE5A6-BD8A-C489-642E-8148F38028AF}.Release|x86.ActiveCfg = Release|Any CPU
		{CCACE5A6-BD8A-C489-642E-8148F38028AF}.Release|x86.Build.0 = Release|Any CPU
		{C813FD22-F5B5-71BD-EA35-C073E5410916}.Debug|x64.ActiveCfg = Debug|Any CPU
		{C813FD22-F5B5-71BD-EA35-C073E5410916}.Debug|x64.Build.0 = Debug|Any CPU
		{C813FD22-F5B5-71BD-EA35-C073E5410916}.Debug|x86.ActiveCfg = Debug|Any CPU
		{C813FD22-F5B5-71BD-EA35-C073E5410916}.Debug|x86.Build.0 = Debug|Any CPU
		{C813FD22-F5B5-71BD-EA35-C073E5410916}.Release|x64.ActiveCfg = Release|Any CPU
		{C813FD22-F5B5-71BD-EA35-C073E5410916}.Release|x64.Build.0 = Release|Any CPU
		{C813FD22-F5B5-71BD-EA35-C073E5410916}.Release|x86.ActiveCfg = Release|Any CPU
		{C813FD22-F5B5-71BD-EA35-C073E5410916}.Release|x86.Build.0 = Release|Any CPU
		{32CE4FC4-9413-6572-716E-2F42754C5917}.Debug|x64.ActiveCfg = Debug|Any CPU
		{32CE4FC4-9413-6572-716E-2F42754C5917}.Debug|x64.Build.0 = Debug|Any CPU
		{32CE4FC4-9413-6572-716E-2F42754C5917}.Debug|x86.ActiveCfg = Debug|Any CPU
		{32CE4FC4-9413-6572-716E-2F42754C5917}.Debug|x86.Build.0 = Debug|Any CPU
		{32CE4FC4-9413-6572-716E-2F42754C5917}.Release|x64.ActiveCfg = Release|Any CPU
		{32CE4FC4-9413-6572-716E-2F42754C5917}.Release|x64.Build.0 = Release|Any CPU
		{32CE4FC4-9413-6572-716E-2F42754C5917}.Release|x86.ActiveCfg = Release|Any CPU
		{32CE4FC4-9413-6572-716E-2F42754C5917}.Release|x86.Build.0 = Release|Any CPU
		{E123033E-ADCE-708B-2DC3-A5BD9A65867D}.Debug|x64.ActiveCfg = Debug|Any CPU
		{E123033E-ADCE-708B-2DC3-A5BD9A65867D}.Debug|x64.Build.0 = Debug|Any CPU
		{E123033E-ADCE-708B-2DC3-A5BD9A65867D}.Debug|x86.ActiveCfg = Debug|Any CPU
		{E123033E-ADCE-708B-2DC3-A5BD9A65867D}.Debug|x86.Build.0 = Debug|Any CPU
		{E123033E-ADCE-708B-2DC3-A5BD9A65867D}.Release|x64.ActiveCfg = Release|Any CPU
		{E123033E-ADCE-708B-2DC3-A5BD9A65867D}.Release|x64.Build.0 = Release|Any CPU
		{E123033E-ADCE-708B-2DC3-A5BD9A65867D}.Release|x86.ActiveCfg = Release|Any CPU
		{E123033E-ADCE-708B-2DC3-A5BD9A65867D}.Release|x86.Build.0 = Release|Any CPU
		{28FB2365-E62B-4EE6-B0D7-CCA3C1FB3FAD}.Debug|Any CPU.ActiveCfg = Debug|Any CPU
		{28FB2365-E62B-4EE6-B0D7-CCA3C1FB3FAD}.Debug|Any CPU.Build.0 = Debug|Any CPU
		{28FB2365-E62B-4EE6-B0D7-CCA3C1FB3FAD}.Debug|x64.ActiveCfg = Debug|Any CPU
		{28FB2365-E62B-4EE6-B0D7-CCA3C1FB3FAD}.Debug|x64.Build.0 = Debug|Any CPU
		{28FB2365-E62B-4EE6-B0D7-CCA3C1FB3FAD}.Debug|x86.ActiveCfg = Debug|Any CPU
		{28FB2365-E62B-4EE6-B0D7-CCA3C1FB3FAD}.Debug|x86.Build.0 = Debug|Any CPU
		{28FB2365-E62B-4EE6-B0D7-CCA3C1FB3FAD}.Release|Any CPU.ActiveCfg = Release|Any CPU
		{28FB2365-E62B-4EE6-B0D7-CCA3C1FB3FAD}.Release|Any CPU.Build.0 = Release|Any CPU
		{28FB2365-E62B-4EE6-B0D7-CCA3C1FB3FAD}.Release|x64.ActiveCfg = Release|Any CPU
		{28FB2365-E62B-4EE6-B0D7-CCA3C1FB3FAD}.Release|x64.Build.0 = Release|Any CPU
		{28FB2365-E62B-4EE6-B0D7-CCA3C1FB3FAD}.Release|x86.ActiveCfg = Release|Any CPU
		{28FB2365-E62B-4EE6-B0D7-CCA3C1FB3FAD}.Release|x86.Build.0 = Release|Any CPU
		{409B2A30-9F09-41CB-8504-2A96ECD15356}.Debug|Any CPU.ActiveCfg = Debug|Any CPU
		{409B2A30-9F09-41CB-8504-2A96ECD15356}.Debug|Any CPU.Build.0 = Debug|Any CPU
		{409B2A30-9F09-41CB-8504-2A96ECD15356}.Debug|x64.ActiveCfg = Debug|Any CPU
		{409B2A30-9F09-41CB-8504-2A96ECD15356}.Debug|x64.Build.0 = Debug|Any CPU
		{409B2A30-9F09-41CB-8504-2A96ECD15356}.Debug|x86.ActiveCfg = Debug|Any CPU
		{409B2A30-9F09-41CB-8504-2A96ECD15356}.Debug|x86.Build.0 = Debug|Any CPU
		{409B2A30-9F09-41CB-8504-2A96ECD15356}.Release|Any CPU.ActiveCfg = Release|Any CPU
		{409B2A30-9F09-41CB-8504-2A96ECD15356}.Release|Any CPU.Build.0 = Release|Any CPU
		{409B2A30-9F09-41CB-8504-2A96ECD15356}.Release|x64.ActiveCfg = Release|Any CPU
		{409B2A30-9F09-41CB-8504-2A96ECD15356}.Release|x64.Build.0 = Release|Any CPU
		{409B2A30-9F09-41CB-8504-2A96ECD15356}.Release|x86.ActiveCfg = Release|Any CPU
		{409B2A30-9F09-41CB-8504-2A96ECD15356}.Release|x86.Build.0 = Release|Any CPU
		{872DC64F-91CB-48AC-A4E5-79334BB0E6C3}.Debug|Any CPU.ActiveCfg = Debug|Any CPU
		{872DC64F-91CB-48AC-A4E5-79334BB0E6C3}.Debug|Any CPU.Build.0 = Debug|Any CPU
		{872DC64F-91CB-48AC-A4E5-79334BB0E6C3}.Debug|x64.ActiveCfg = Debug|Any CPU
		{872DC64F-91CB-48AC-A4E5-79334BB0E6C3}.Debug|x64.Build.0 = Debug|Any CPU
		{872DC64F-91CB-48AC-A4E5-79334BB0E6C3}.Debug|x86.ActiveCfg = Debug|Any CPU
		{872DC64F-91CB-48AC-A4E5-79334BB0E6C3}.Debug|x86.Build.0 = Debug|Any CPU
		{872DC64F-91CB-48AC-A4E5-79334BB0E6C3}.Release|Any CPU.ActiveCfg = Release|Any CPU
		{872DC64F-91CB-48AC-A4E5-79334BB0E6C3}.Release|Any CPU.Build.0 = Release|Any CPU
		{872DC64F-91CB-48AC-A4E5-79334BB0E6C3}.Release|x64.ActiveCfg = Release|Any CPU
		{872DC64F-91CB-48AC-A4E5-79334BB0E6C3}.Release|x64.Build.0 = Release|Any CPU
		{872DC64F-91CB-48AC-A4E5-79334BB0E6C3}.Release|x86.ActiveCfg = Release|Any CPU
		{872DC64F-91CB-48AC-A4E5-79334BB0E6C3}.Release|x86.Build.0 = Release|Any CPU
		{500F1A64-B789-4C66-BA69-433860A2C884}.Debug|Any CPU.ActiveCfg = Debug|Any CPU
		{500F1A64-B789-4C66-BA69-433860A2C884}.Debug|Any CPU.Build.0 = Debug|Any CPU
		{500F1A64-B789-4C66-BA69-433860A2C884}.Debug|x64.ActiveCfg = Debug|Any CPU
		{500F1A64-B789-4C66-BA69-433860A2C884}.Debug|x64.Build.0 = Debug|Any CPU
		{500F1A64-B789-4C66-BA69-433860A2C884}.Debug|x86.ActiveCfg = Debug|Any CPU
		{500F1A64-B789-4C66-BA69-433860A2C884}.Debug|x86.Build.0 = Debug|Any CPU
		{500F1A64-B789-4C66-BA69-433860A2C884}.Release|Any CPU.ActiveCfg = Release|Any CPU
		{500F1A64-B789-4C66-BA69-433860A2C884}.Release|Any CPU.Build.0 = Release|Any CPU
		{500F1A64-B789-4C66-BA69-433860A2C884}.Release|x64.ActiveCfg = Release|Any CPU
		{500F1A64-B789-4C66-BA69-433860A2C884}.Release|x64.Build.0 = Release|Any CPU
		{500F1A64-B789-4C66-BA69-433860A2C884}.Release|x86.ActiveCfg = Release|Any CPU
		{500F1A64-B789-4C66-BA69-433860A2C884}.Release|x86.Build.0 = Release|Any CPU
	EndGlobalSection
	GlobalSection(SolutionProperties) = preSolution
		HideSolutionNode = FALSE
	EndGlobalSection
	GlobalSection(NestedProjects) = preSolution
		{28FB2365-E62B-4EE6-B0D7-CCA3C1FB3FAD} = {827E0CD3-B72D-47B6-A68D-7590B98EB39B}
		{409B2A30-9F09-41CB-8504-2A96ECD15356} = {827E0CD3-B72D-47B6-A68D-7590B98EB39B}
		{872DC64F-91CB-48AC-A4E5-79334BB0E6C3} = {B36A84DF-456D-A817-6EDD-3EC3E7F6E11F}
		{500F1A64-B789-4C66-BA69-433860A2C884} = {827E0CD3-B72D-47B6-A68D-7590B98EB39B}
	EndGlobalSection
EndGlobal
